// !$*UTF8*$!
{
	archiveVersion = 1;
	classes = {
	};
	objectVersion = 46;
	objects = {

/* Begin PBXBuildFile section */
		B01119DE1F55CE0400CA0418 /* AppDelegate.swift in Sources */ = {isa = PBXBuildFile; fileRef = B01119DD1F55CE0400CA0418 /* AppDelegate.swift */; };
		B01119E31F55CE0400CA0418 /* Main.storyboard in Resources */ = {isa = PBXBuildFile; fileRef = B01119E11F55CE0400CA0418 /* Main.storyboard */; };
		B01119E51F55CE0400CA0418 /* Assets.xcassets in Resources */ = {isa = PBXBuildFile; fileRef = B01119E41F55CE0400CA0418 /* Assets.xcassets */; };
		B01119E81F55CE0400CA0418 /* LaunchScreen.storyboard in Resources */ = {isa = PBXBuildFile; fileRef = B01119E61F55CE0400CA0418 /* LaunchScreen.storyboard */; };
		B01119F31F55CE0400CA0418 /* OBehaveExamplesTests.swift in Sources */ = {isa = PBXBuildFile; fileRef = B01119F21F55CE0400CA0418 /* OBehaveExamplesTests.swift */; };
		B01119FE1F55CE0400CA0418 /* OBehaveExamplesUITests.swift in Sources */ = {isa = PBXBuildFile; fileRef = B01119FD1F55CE0400CA0418 /* OBehaveExamplesUITests.swift */; };
		B0111A171F55CE4900CA0418 /* OBehave.framework in Frameworks */ = {isa = PBXBuildFile; fileRef = B0111A111F55CE1600CA0418 /* OBehave.framework */; };
		B0111A581F55EA7600CA0418 /* BarCodeScannerViewController.swift in Sources */ = {isa = PBXBuildFile; fileRef = B0111A561F55EA7600CA0418 /* BarCodeScannerViewController.swift */; };
		B0111A591F55EA7600CA0418 /* PhoneCallViewController.swift in Sources */ = {isa = PBXBuildFile; fileRef = B0111A571F55EA7600CA0418 /* PhoneCallViewController.swift */; };
		B09EF27D1F7EB2D200DCD054 /* OBehave.framework in Embed Frameworks */ = {isa = PBXBuildFile; fileRef = B0111A111F55CE1600CA0418 /* OBehave.framework */; settings = {ATTRIBUTES = (CodeSignOnCopy, RemoveHeadersOnCopy, ); }; };
/* End PBXBuildFile section */

/* Begin PBXContainerItemProxy section */
		B01119EF1F55CE0400CA0418 /* PBXContainerItemProxy */ = {
			isa = PBXContainerItemProxy;
			containerPortal = B01119D21F55CE0400CA0418 /* Project object */;
			proxyType = 1;
			remoteGlobalIDString = B01119D91F55CE0400CA0418;
			remoteInfo = OBehaveExamples;
		};
		B01119FA1F55CE0400CA0418 /* PBXContainerItemProxy */ = {
			isa = PBXContainerItemProxy;
			containerPortal = B01119D21F55CE0400CA0418 /* Project object */;
			proxyType = 1;
			remoteGlobalIDString = B01119D91F55CE0400CA0418;
			remoteInfo = OBehaveExamples;
		};
		B0111A101F55CE1600CA0418 /* PBXContainerItemProxy */ = {
			isa = PBXContainerItemProxy;
			containerPortal = B0111A0B1F55CE1600CA0418 /* OBehave.xcodeproj */;
			proxyType = 2;
			remoteGlobalIDString = B01119881F5572D200CA0418;
			remoteInfo = OBehave;
		};
		B0111A121F55CE1600CA0418 /* PBXContainerItemProxy */ = {
			isa = PBXContainerItemProxy;
			containerPortal = B0111A0B1F55CE1600CA0418 /* OBehave.xcodeproj */;
			proxyType = 2;
			remoteGlobalIDString = B01119911F5572D200CA0418;
			remoteInfo = OBehaveTests;
		};
		B09EF27E1F7EB2D200DCD054 /* PBXContainerItemProxy */ = {
			isa = PBXContainerItemProxy;
			containerPortal = B0111A0B1F55CE1600CA0418 /* OBehave.xcodeproj */;
			proxyType = 1;
			remoteGlobalIDString = B01119871F5572D200CA0418;
			remoteInfo = OBehave;
		};
/* End PBXContainerItemProxy section */

/* Begin PBXCopyFilesBuildPhase section */
		B09EF2801F7EB2D300DCD054 /* Embed Frameworks */ = {
			isa = PBXCopyFilesBuildPhase;
			buildActionMask = 2147483647;
			dstPath = "";
			dstSubfolderSpec = 10;
			files = (
				B09EF27D1F7EB2D200DCD054 /* OBehave.framework in Embed Frameworks */,
			);
			name = "Embed Frameworks";
			runOnlyForDeploymentPostprocessing = 0;
		};
/* End PBXCopyFilesBuildPhase section */

/* Begin PBXFileReference section */
		B01119DA1F55CE0400CA0418 /* OBehaveExamples.app */ = {isa = PBXFileReference; explicitFileType = wrapper.application; includeInIndex = 0; path = OBehaveExamples.app; sourceTree = BUILT_PRODUCTS_DIR; };
		B01119DD1F55CE0400CA0418 /* AppDelegate.swift */ = {isa = PBXFileReference; lastKnownFileType = sourcecode.swift; path = AppDelegate.swift; sourceTree = "<group>"; };
		B01119E21F55CE0400CA0418 /* Base */ = {isa = PBXFileReference; lastKnownFileType = file.storyboard; name = Base; path = Base.lproj/Main.storyboard; sourceTree = "<group>"; };
		B01119E41F55CE0400CA0418 /* Assets.xcassets */ = {isa = PBXFileReference; lastKnownFileType = folder.assetcatalog; path = Assets.xcassets; sourceTree = "<group>"; };
		B01119E71F55CE0400CA0418 /* Base */ = {isa = PBXFileReference; lastKnownFileType = file.storyboard; name = Base; path = Base.lproj/LaunchScreen.storyboard; sourceTree = "<group>"; };
		B01119E91F55CE0400CA0418 /* Info.plist */ = {isa = PBXFileReference; lastKnownFileType = text.plist.xml; path = Info.plist; sourceTree = "<group>"; };
		B01119EE1F55CE0400CA0418 /* OBehaveExamplesTests.xctest */ = {isa = PBXFileReference; explicitFileType = wrapper.cfbundle; includeInIndex = 0; path = OBehaveExamplesTests.xctest; sourceTree = BUILT_PRODUCTS_DIR; };
		B01119F21F55CE0400CA0418 /* OBehaveExamplesTests.swift */ = {isa = PBXFileReference; lastKnownFileType = sourcecode.swift; path = OBehaveExamplesTests.swift; sourceTree = "<group>"; };
		B01119F41F55CE0400CA0418 /* Info.plist */ = {isa = PBXFileReference; lastKnownFileType = text.plist.xml; path = Info.plist; sourceTree = "<group>"; };
		B01119F91F55CE0400CA0418 /* OBehaveExamplesUITests.xctest */ = {isa = PBXFileReference; explicitFileType = wrapper.cfbundle; includeInIndex = 0; path = OBehaveExamplesUITests.xctest; sourceTree = BUILT_PRODUCTS_DIR; };
		B01119FD1F55CE0400CA0418 /* OBehaveExamplesUITests.swift */ = {isa = PBXFileReference; lastKnownFileType = sourcecode.swift; path = OBehaveExamplesUITests.swift; sourceTree = "<group>"; };
		B01119FF1F55CE0400CA0418 /* Info.plist */ = {isa = PBXFileReference; lastKnownFileType = text.plist.xml; path = Info.plist; sourceTree = "<group>"; };
		B0111A0B1F55CE1600CA0418 /* OBehave.xcodeproj */ = {isa = PBXFileReference; lastKnownFileType = "wrapper.pb-project"; name = OBehave.xcodeproj; path = ../OBehave.xcodeproj; sourceTree = "<group>"; };
		B0111A561F55EA7600CA0418 /* BarCodeScannerViewController.swift */ = {isa = PBXFileReference; fileEncoding = 4; lastKnownFileType = sourcecode.swift; path = BarCodeScannerViewController.swift; sourceTree = "<group>"; };
		B0111A571F55EA7600CA0418 /* PhoneCallViewController.swift */ = {isa = PBXFileReference; fileEncoding = 4; lastKnownFileType = sourcecode.swift; path = PhoneCallViewController.swift; sourceTree = "<group>"; };
/* End PBXFileReference section */

/* Begin PBXFrameworksBuildPhase section */
		B01119D71F55CE0400CA0418 /* Frameworks */ = {
			isa = PBXFrameworksBuildPhase;
			buildActionMask = 2147483647;
			files = (
				B0111A171F55CE4900CA0418 /* OBehave.framework in Frameworks */,
			);
			runOnlyForDeploymentPostprocessing = 0;
		};
		B01119EB1F55CE0400CA0418 /* Frameworks */ = {
			isa = PBXFrameworksBuildPhase;
			buildActionMask = 2147483647;
			files = (
			);
			runOnlyForDeploymentPostprocessing = 0;
		};
		B01119F61F55CE0400CA0418 /* Frameworks */ = {
			isa = PBXFrameworksBuildPhase;
			buildActionMask = 2147483647;
			files = (
			);
			runOnlyForDeploymentPostprocessing = 0;
		};
/* End PBXFrameworksBuildPhase section */

/* Begin PBXGroup section */
		B01119D11F55CE0400CA0418 = {
			isa = PBXGroup;
			children = (
				B0111A0B1F55CE1600CA0418 /* OBehave.xcodeproj */,
				B01119DC1F55CE0400CA0418 /* OBehaveExamples */,
				B01119F11F55CE0400CA0418 /* OBehaveExamplesTests */,
				B01119FC1F55CE0400CA0418 /* OBehaveExamplesUITests */,
				B01119DB1F55CE0400CA0418 /* Products */,
			);
			sourceTree = "<group>";
		};
		B01119DB1F55CE0400CA0418 /* Products */ = {
			isa = PBXGroup;
			children = (
				B01119DA1F55CE0400CA0418 /* OBehaveExamples.app */,
				B01119EE1F55CE0400CA0418 /* OBehaveExamplesTests.xctest */,
				B01119F91F55CE0400CA0418 /* OBehaveExamplesUITests.xctest */,
			);
			name = Products;
			sourceTree = "<group>";
		};
		B01119DC1F55CE0400CA0418 /* OBehaveExamples */ = {
			isa = PBXGroup;
			children = (
				B0111A561F55EA7600CA0418 /* BarCodeScannerViewController.swift */,
				B0111A571F55EA7600CA0418 /* PhoneCallViewController.swift */,
				B01119DD1F55CE0400CA0418 /* AppDelegate.swift */,
				B01119E11F55CE0400CA0418 /* Main.storyboard */,
				B01119E41F55CE0400CA0418 /* Assets.xcassets */,
				B01119E61F55CE0400CA0418 /* LaunchScreen.storyboard */,
				B01119E91F55CE0400CA0418 /* Info.plist */,
			);
			path = OBehaveExamples;
			sourceTree = "<group>";
		};
		B01119F11F55CE0400CA0418 /* OBehaveExamplesTests */ = {
			isa = PBXGroup;
			children = (
				B01119F21F55CE0400CA0418 /* OBehaveExamplesTests.swift */,
				B01119F41F55CE0400CA0418 /* Info.plist */,
			);
			path = OBehaveExamplesTests;
			sourceTree = "<group>";
		};
		B01119FC1F55CE0400CA0418 /* OBehaveExamplesUITests */ = {
			isa = PBXGroup;
			children = (
				B01119FD1F55CE0400CA0418 /* OBehaveExamplesUITests.swift */,
				B01119FF1F55CE0400CA0418 /* Info.plist */,
			);
			path = OBehaveExamplesUITests;
			sourceTree = "<group>";
		};
		B0111A0C1F55CE1600CA0418 /* Products */ = {
			isa = PBXGroup;
			children = (
				B0111A111F55CE1600CA0418 /* OBehave.framework */,
				B0111A131F55CE1600CA0418 /* OBehaveTests.xctest */,
			);
			name = Products;
			sourceTree = "<group>";
		};
/* End PBXGroup section */

/* Begin PBXNativeTarget section */
		B01119D91F55CE0400CA0418 /* OBehaveExamples */ = {
			isa = PBXNativeTarget;
			buildConfigurationList = B0111A021F55CE0400CA0418 /* Build configuration list for PBXNativeTarget "OBehaveExamples" */;
			buildPhases = (
				B01119D61F55CE0400CA0418 /* Sources */,
				B01119D71F55CE0400CA0418 /* Frameworks */,
				B01119D81F55CE0400CA0418 /* Resources */,
				B09EF2801F7EB2D300DCD054 /* Embed Frameworks */,
			);
			buildRules = (
			);
			dependencies = (
				B09EF27F1F7EB2D200DCD054 /* PBXTargetDependency */,
			);
			name = OBehaveExamples;
			productName = OBehaveExamples;
			productReference = B01119DA1F55CE0400CA0418 /* OBehaveExamples.app */;
			productType = "com.apple.product-type.application";
		};
		B01119ED1F55CE0400CA0418 /* OBehaveExamplesTests */ = {
			isa = PBXNativeTarget;
			buildConfigurationList = B0111A051F55CE0400CA0418 /* Build configuration list for PBXNativeTarget "OBehaveExamplesTests" */;
			buildPhases = (
				B01119EA1F55CE0400CA0418 /* Sources */,
				B01119EB1F55CE0400CA0418 /* Frameworks */,
				B01119EC1F55CE0400CA0418 /* Resources */,
			);
			buildRules = (
			);
			dependencies = (
				B01119F01F55CE0400CA0418 /* PBXTargetDependency */,
			);
			name = OBehaveExamplesTests;
			productName = OBehaveExamplesTests;
			productReference = B01119EE1F55CE0400CA0418 /* OBehaveExamplesTests.xctest */;
			productType = "com.apple.product-type.bundle.unit-test";
		};
		B01119F81F55CE0400CA0418 /* OBehaveExamplesUITests */ = {
			isa = PBXNativeTarget;
			buildConfigurationList = B0111A081F55CE0400CA0418 /* Build configuration list for PBXNativeTarget "OBehaveExamplesUITests" */;
			buildPhases = (
				B01119F51F55CE0400CA0418 /* Sources */,
				B01119F61F55CE0400CA0418 /* Frameworks */,
				B01119F71F55CE0400CA0418 /* Resources */,
			);
			buildRules = (
			);
			dependencies = (
				B01119FB1F55CE0400CA0418 /* PBXTargetDependency */,
			);
			name = OBehaveExamplesUITests;
			productName = OBehaveExamplesUITests;
			productReference = B01119F91F55CE0400CA0418 /* OBehaveExamplesUITests.xctest */;
			productType = "com.apple.product-type.bundle.ui-testing";
		};
/* End PBXNativeTarget section */

/* Begin PBXProject section */
		B01119D21F55CE0400CA0418 /* Project object */ = {
			isa = PBXProject;
			attributes = {
				LastSwiftUpdateCheck = 0830;
				LastUpgradeCheck = 0900;
				ORGANIZATIONNAME = Apokrupto;
				TargetAttributes = {
					B01119D91F55CE0400CA0418 = {
						CreatedOnToolsVersion = 8.3.2;
						DevelopmentTeam = 8PKALBM6Q4;
						ProvisioningStyle = Automatic;
					};
					B01119ED1F55CE0400CA0418 = {
						CreatedOnToolsVersion = 8.3.2;
						DevelopmentTeam = 8PKALBM6Q4;
						ProvisioningStyle = Automatic;
						TestTargetID = B01119D91F55CE0400CA0418;
					};
					B01119F81F55CE0400CA0418 = {
						CreatedOnToolsVersion = 8.3.2;
						DevelopmentTeam = 8PKALBM6Q4;
						ProvisioningStyle = Automatic;
						TestTargetID = B01119D91F55CE0400CA0418;
					};
				};
			};
			buildConfigurationList = B01119D51F55CE0400CA0418 /* Build configuration list for PBXProject "OBehaveExamples" */;
			compatibilityVersion = "Xcode 3.2";
			developmentRegion = English;
			hasScannedForEncodings = 0;
			knownRegions = (
				en,
				Base,
			);
			mainGroup = B01119D11F55CE0400CA0418;
			productRefGroup = B01119DB1F55CE0400CA0418 /* Products */;
			projectDirPath = "";
			projectReferences = (
				{
					ProductGroup = B0111A0C1F55CE1600CA0418 /* Products */;
					ProjectRef = B0111A0B1F55CE1600CA0418 /* OBehave.xcodeproj */;
				},
			);
			projectRoot = "";
			targets = (
				B01119D91F55CE0400CA0418 /* OBehaveExamples */,
				B01119ED1F55CE0400CA0418 /* OBehaveExamplesTests */,
				B01119F81F55CE0400CA0418 /* OBehaveExamplesUITests */,
			);
		};
/* End PBXProject section */

/* Begin PBXReferenceProxy section */
		B0111A111F55CE1600CA0418 /* OBehave.framework */ = {
			isa = PBXReferenceProxy;
			fileType = wrapper.framework;
			path = OBehave.framework;
			remoteRef = B0111A101F55CE1600CA0418 /* PBXContainerItemProxy */;
			sourceTree = BUILT_PRODUCTS_DIR;
		};
		B0111A131F55CE1600CA0418 /* OBehaveTests.xctest */ = {
			isa = PBXReferenceProxy;
			fileType = wrapper.cfbundle;
			path = OBehaveTests.xctest;
			remoteRef = B0111A121F55CE1600CA0418 /* PBXContainerItemProxy */;
			sourceTree = BUILT_PRODUCTS_DIR;
		};
/* End PBXReferenceProxy section */

/* Begin PBXResourcesBuildPhase section */
		B01119D81F55CE0400CA0418 /* Resources */ = {
			isa = PBXResourcesBuildPhase;
			buildActionMask = 2147483647;
			files = (
				B01119E81F55CE0400CA0418 /* LaunchScreen.storyboard in Resources */,
				B01119E51F55CE0400CA0418 /* Assets.xcassets in Resources */,
				B01119E31F55CE0400CA0418 /* Main.storyboard in Resources */,
			);
			runOnlyForDeploymentPostprocessing = 0;
		};
		B01119EC1F55CE0400CA0418 /* Resources */ = {
			isa = PBXResourcesBuildPhase;
			buildActionMask = 2147483647;
			files = (
			);
			runOnlyForDeploymentPostprocessing = 0;
		};
		B01119F71F55CE0400CA0418 /* Resources */ = {
			isa = PBXResourcesBuildPhase;
			buildActionMask = 2147483647;
			files = (
			);
			runOnlyForDeploymentPostprocessing = 0;
		};
/* End PBXResourcesBuildPhase section */

/* Begin PBXSourcesBuildPhase section */
		B01119D61F55CE0400CA0418 /* Sources */ = {
			isa = PBXSourcesBuildPhase;
			buildActionMask = 2147483647;
			files = (
				B0111A591F55EA7600CA0418 /* PhoneCallViewController.swift in Sources */,
				B0111A581F55EA7600CA0418 /* BarCodeScannerViewController.swift in Sources */,
				B01119DE1F55CE0400CA0418 /* AppDelegate.swift in Sources */,
			);
			runOnlyForDeploymentPostprocessing = 0;
		};
		B01119EA1F55CE0400CA0418 /* Sources */ = {
			isa = PBXSourcesBuildPhase;
			buildActionMask = 2147483647;
			files = (
				B01119F31F55CE0400CA0418 /* OBehaveExamplesTests.swift in Sources */,
			);
			runOnlyForDeploymentPostprocessing = 0;
		};
		B01119F51F55CE0400CA0418 /* Sources */ = {
			isa = PBXSourcesBuildPhase;
			buildActionMask = 2147483647;
			files = (
				B01119FE1F55CE0400CA0418 /* OBehaveExamplesUITests.swift in Sources */,
			);
			runOnlyForDeploymentPostprocessing = 0;
		};
/* End PBXSourcesBuildPhase section */

/* Begin PBXTargetDependency section */
		B01119F01F55CE0400CA0418 /* PBXTargetDependency */ = {
			isa = PBXTargetDependency;
			target = B01119D91F55CE0400CA0418 /* OBehaveExamples */;
			targetProxy = B01119EF1F55CE0400CA0418 /* PBXContainerItemProxy */;
		};
		B01119FB1F55CE0400CA0418 /* PBXTargetDependency */ = {
			isa = PBXTargetDependency;
			target = B01119D91F55CE0400CA0418 /* OBehaveExamples */;
			targetProxy = B01119FA1F55CE0400CA0418 /* PBXContainerItemProxy */;
		};
		B09EF27F1F7EB2D200DCD054 /* PBXTargetDependency */ = {
			isa = PBXTargetDependency;
			name = OBehave;
			targetProxy = B09EF27E1F7EB2D200DCD054 /* PBXContainerItemProxy */;
		};
/* End PBXTargetDependency section */

/* Begin PBXVariantGroup section */
		B01119E11F55CE0400CA0418 /* Main.storyboard */ = {
			isa = PBXVariantGroup;
			children = (
				B01119E21F55CE0400CA0418 /* Base */,
			);
			name = Main.storyboard;
			sourceTree = "<group>";
		};
		B01119E61F55CE0400CA0418 /* LaunchScreen.storyboard */ = {
			isa = PBXVariantGroup;
			children = (
				B01119E71F55CE0400CA0418 /* Base */,
			);
			name = LaunchScreen.storyboard;
			sourceTree = "<group>";
		};
/* End PBXVariantGroup section */

/* Begin XCBuildConfiguration section */
		B0111A001F55CE0400CA0418 /* Debug */ = {
			isa = XCBuildConfiguration;
			buildSettings = {
				ALWAYS_SEARCH_USER_PATHS = NO;
				CLANG_ANALYZER_NONNULL = YES;
				CLANG_ANALYZER_NUMBER_OBJECT_CONVERSION = YES_AGGRESSIVE;
				CLANG_CXX_LANGUAGE_STANDARD = "gnu++0x";
				CLANG_CXX_LIBRARY = "libc++";
				CLANG_ENABLE_MODULES = YES;
				CLANG_ENABLE_OBJC_ARC = YES;
				CLANG_WARN_ASSIGN_ENUM = YES;
				CLANG_WARN_BLOCK_CAPTURE_AUTORELEASING = YES;
				CLANG_WARN_BOOL_CONVERSION = YES;
				CLANG_WARN_COMMA = YES;
				CLANG_WARN_CONSTANT_CONVERSION = YES;
				CLANG_WARN_CXX0X_EXTENSIONS = YES;
				CLANG_WARN_DEPRECATED_OBJC_IMPLEMENTATIONS = YES;
				CLANG_WARN_DIRECT_OBJC_ISA_USAGE = YES_ERROR;
				CLANG_WARN_DOCUMENTATION_COMMENTS = YES;
				CLANG_WARN_EMPTY_BODY = YES;
				CLANG_WARN_ENUM_CONVERSION = YES;
				CLANG_WARN_FLOAT_CONVERSION = YES_ERROR;
				CLANG_WARN_IMPLICIT_SIGN_CONVERSION = YES;
				CLANG_WARN_INFINITE_RECURSION = YES;
				CLANG_WARN_INT_CONVERSION = YES;
				CLANG_WARN_NON_LITERAL_NULL_CONVERSION = YES;
				CLANG_WARN_OBJC_EXPLICIT_OWNERSHIP_TYPE = YES;
				CLANG_WARN_OBJC_IMPLICIT_ATOMIC_PROPERTIES = YES;
				CLANG_WARN_OBJC_IMPLICIT_RETAIN_SELF = YES;
				CLANG_WARN_OBJC_LITERAL_CONVERSION = YES;
				CLANG_WARN_OBJC_MISSING_PROPERTY_SYNTHESIS = YES;
				CLANG_WARN_OBJC_REPEATED_USE_OF_WEAK = YES;
				CLANG_WARN_OBJC_ROOT_CLASS = YES_ERROR;
				CLANG_WARN_RANGE_LOOP_ANALYSIS = YES;
				CLANG_WARN_STRICT_PROTOTYPES = YES;
				CLANG_WARN_SUSPICIOUS_IMPLICIT_CONVERSION = YES;
				CLANG_WARN_SUSPICIOUS_MOVE = YES;
				CLANG_WARN_UNREACHABLE_CODE = YES;
				CLANG_WARN__DUPLICATE_METHOD_MATCH = YES;
				CLANG_WARN__EXIT_TIME_DESTRUCTORS = YES;
				"CODE_SIGN_IDENTITY[sdk=iphoneos*]" = "iPhone Developer";
				COPY_PHASE_STRIP = NO;
				DEBUG_INFORMATION_FORMAT = dwarf;
				ENABLE_STRICT_OBJC_MSGSEND = YES;
				ENABLE_TESTABILITY = YES;
				GCC_C_LANGUAGE_STANDARD = gnu99;
				GCC_DYNAMIC_NO_PIC = NO;
				GCC_NO_COMMON_BLOCKS = YES;
				GCC_OPTIMIZATION_LEVEL = 0;
				GCC_PREPROCESSOR_DEFINITIONS = (
					"DEBUG=1",
					"$(inherited)",
				);
				GCC_SHORT_ENUMS = YES;
				GCC_TREAT_IMPLICIT_FUNCTION_DECLARATIONS_AS_ERRORS = YES;
				GCC_TREAT_INCOMPATIBLE_POINTER_TYPE_WARNINGS_AS_ERRORS = YES;
				GCC_TREAT_WARNINGS_AS_ERRORS = YES;
				GCC_WARN_64_TO_32_BIT_CONVERSION = YES;
				GCC_WARN_ABOUT_MISSING_FIELD_INITIALIZERS = YES;
				GCC_WARN_ABOUT_MISSING_NEWLINE = YES;
				GCC_WARN_ABOUT_MISSING_PROTOTYPES = YES;
				GCC_WARN_ABOUT_RETURN_TYPE = YES_ERROR;
				GCC_WARN_FOUR_CHARACTER_CONSTANTS = YES;
				GCC_WARN_HIDDEN_VIRTUAL_FUNCTIONS = YES;
				GCC_WARN_INITIALIZER_NOT_FULLY_BRACKETED = YES;
				GCC_WARN_NON_VIRTUAL_DESTRUCTOR = YES;
				GCC_WARN_PEDANTIC = YES;
				GCC_WARN_SHADOW = YES;
				GCC_WARN_SIGN_COMPARE = YES;
				GCC_WARN_STRICT_SELECTOR_MATCH = YES;
				GCC_WARN_UNDECLARED_SELECTOR = YES;
				GCC_WARN_UNINITIALIZED_AUTOS = YES_AGGRESSIVE;
				GCC_WARN_UNKNOWN_PRAGMAS = YES;
				GCC_WARN_UNUSED_FUNCTION = YES;
				GCC_WARN_UNUSED_LABEL = YES;
				GCC_WARN_UNUSED_PARAMETER = YES;
				GCC_WARN_UNUSED_VARIABLE = YES;
				IPHONEOS_DEPLOYMENT_TARGET = 10.0;
				MTL_ENABLE_DEBUG_INFO = YES;
				ONLY_ACTIVE_ARCH = YES;
				SDKROOT = iphoneos;
				SWIFT_ACTIVE_COMPILATION_CONDITIONS = DEBUG;
				SWIFT_OPTIMIZATION_LEVEL = "-Onone";
				SWIFT_TREAT_WARNINGS_AS_ERRORS = YES;
				SWIFT_VERSION = 4.0;
				TARGETED_DEVICE_FAMILY = "1,2";
			};
			name = Debug;
		};
		B0111A011F55CE0400CA0418 /* Release */ = {
			isa = XCBuildConfiguration;
			buildSettings = {
				ALWAYS_SEARCH_USER_PATHS = NO;
				CLANG_ANALYZER_NONNULL = YES;
				CLANG_ANALYZER_NUMBER_OBJECT_CONVERSION = YES_AGGRESSIVE;
				CLANG_CXX_LANGUAGE_STANDARD = "gnu++0x";
				CLANG_CXX_LIBRARY = "libc++";
				CLANG_ENABLE_MODULES = YES;
				CLANG_ENABLE_OBJC_ARC = YES;
				CLANG_WARN_ASSIGN_ENUM = YES;
				CLANG_WARN_BLOCK_CAPTURE_AUTORELEASING = YES;
				CLANG_WARN_BOOL_CONVERSION = YES;
				CLANG_WARN_COMMA = YES;
				CLANG_WARN_CONSTANT_CONVERSION = YES;
				CLANG_WARN_CXX0X_EXTENSIONS = YES;
				CLANG_WARN_DEPRECATED_OBJC_IMPLEMENTATIONS = YES;
				CLANG_WARN_DIRECT_OBJC_ISA_USAGE = YES_ERROR;
				CLANG_WARN_DOCUMENTATION_COMMENTS = YES;
				CLANG_WARN_EMPTY_BODY = YES;
				CLANG_WARN_ENUM_CONVERSION = YES;
				CLANG_WARN_FLOAT_CONVERSION = YES_ERROR;
				CLANG_WARN_IMPLICIT_SIGN_CONVERSION = YES;
				CLANG_WARN_INFINITE_RECURSION = YES;
				CLANG_WARN_INT_CONVERSION = YES;
				CLANG_WARN_NON_LITERAL_NULL_CONVERSION = YES;
				CLANG_WARN_OBJC_EXPLICIT_OWNERSHIP_TYPE = YES;
				CLANG_WARN_OBJC_IMPLICIT_ATOMIC_PROPERTIES = YES;
				CLANG_WARN_OBJC_IMPLICIT_RETAIN_SELF = YES;
				CLANG_WARN_OBJC_LITERAL_CONVERSION = YES;
				CLANG_WARN_OBJC_MISSING_PROPERTY_SYNTHESIS = YES;
				CLANG_WARN_OBJC_REPEATED_USE_OF_WEAK = YES;
				CLANG_WARN_OBJC_ROOT_CLASS = YES_ERROR;
				CLANG_WARN_RANGE_LOOP_ANALYSIS = YES;
				CLANG_WARN_STRICT_PROTOTYPES = YES;
				CLANG_WARN_SUSPICIOUS_IMPLICIT_CONVERSION = YES;
				CLANG_WARN_SUSPICIOUS_MOVE = YES;
				CLANG_WARN_UNREACHABLE_CODE = YES;
				CLANG_WARN__DUPLICATE_METHOD_MATCH = YES;
				CLANG_WARN__EXIT_TIME_DESTRUCTORS = YES;
				"CODE_SIGN_IDENTITY[sdk=iphoneos*]" = "iPhone Developer";
				COPY_PHASE_STRIP = NO;
				DEBUG_INFORMATION_FORMAT = "dwarf-with-dsym";
				ENABLE_NS_ASSERTIONS = NO;
				ENABLE_STRICT_OBJC_MSGSEND = YES;
				GCC_C_LANGUAGE_STANDARD = gnu99;
				GCC_NO_COMMON_BLOCKS = YES;
				GCC_SHORT_ENUMS = YES;
				GCC_TREAT_IMPLICIT_FUNCTION_DECLARATIONS_AS_ERRORS = YES;
				GCC_TREAT_INCOMPATIBLE_POINTER_TYPE_WARNINGS_AS_ERRORS = YES;
				GCC_TREAT_WARNINGS_AS_ERRORS = YES;
				GCC_WARN_64_TO_32_BIT_CONVERSION = YES;
				GCC_WARN_ABOUT_MISSING_FIELD_INITIALIZERS = YES;
				GCC_WARN_ABOUT_MISSING_NEWLINE = YES;
				GCC_WARN_ABOUT_MISSING_PROTOTYPES = YES;
				GCC_WARN_ABOUT_RETURN_TYPE = YES_ERROR;
				GCC_WARN_FOUR_CHARACTER_CONSTANTS = YES;
				GCC_WARN_HIDDEN_VIRTUAL_FUNCTIONS = YES;
				GCC_WARN_INITIALIZER_NOT_FULLY_BRACKETED = YES;
				GCC_WARN_NON_VIRTUAL_DESTRUCTOR = YES;
				GCC_WARN_PEDANTIC = YES;
				GCC_WARN_SHADOW = YES;
				GCC_WARN_SIGN_COMPARE = YES;
				GCC_WARN_STRICT_SELECTOR_MATCH = YES;
				GCC_WARN_UNDECLARED_SELECTOR = YES;
				GCC_WARN_UNINITIALIZED_AUTOS = YES_AGGRESSIVE;
				GCC_WARN_UNKNOWN_PRAGMAS = YES;
				GCC_WARN_UNUSED_FUNCTION = YES;
				GCC_WARN_UNUSED_LABEL = YES;
				GCC_WARN_UNUSED_PARAMETER = YES;
				GCC_WARN_UNUSED_VARIABLE = YES;
				IPHONEOS_DEPLOYMENT_TARGET = 10.0;
				MTL_ENABLE_DEBUG_INFO = NO;
				SDKROOT = iphoneos;
				SWIFT_OPTIMIZATION_LEVEL = "-Owholemodule";
				SWIFT_TREAT_WARNINGS_AS_ERRORS = YES;
				SWIFT_VERSION = 4.0;
				TARGETED_DEVICE_FAMILY = "1,2";
				VALIDATE_PRODUCT = YES;
			};
			name = Release;
		};
		B0111A031F55CE0400CA0418 /* Debug */ = {
			isa = XCBuildConfiguration;
			buildSettings = {
				ALWAYS_EMBED_SWIFT_STANDARD_LIBRARIES = YES;
				ASSETCATALOG_COMPILER_APPICON_NAME = AppIcon;
				DEVELOPMENT_TEAM = 8PKALBM6Q4;
				INFOPLIST_FILE = OBehaveExamples/Info.plist;
				LD_RUNPATH_SEARCH_PATHS = "$(inherited) @executable_path/Frameworks";
				PRODUCT_BUNDLE_IDENTIFIER = com.apokrupto.OBehaveExamples;
				PRODUCT_NAME = "$(TARGET_NAME)";
				SWIFT_SWIFT3_OBJC_INFERENCE = Default;
				SWIFT_VERSION = 4.0;
			};
			name = Debug;
		};
		B0111A041F55CE0400CA0418 /* Release */ = {
			isa = XCBuildConfiguration;
			buildSettings = {
				ALWAYS_EMBED_SWIFT_STANDARD_LIBRARIES = YES;
				ASSETCATALOG_COMPILER_APPICON_NAME = AppIcon;
				DEVELOPMENT_TEAM = 8PKALBM6Q4;
				INFOPLIST_FILE = OBehaveExamples/Info.plist;
				LD_RUNPATH_SEARCH_PATHS = "$(inherited) @executable_path/Frameworks";
				PRODUCT_BUNDLE_IDENTIFIER = com.apokrupto.OBehaveExamples;
				PRODUCT_NAME = "$(TARGET_NAME)";
				SWIFT_SWIFT3_OBJC_INFERENCE = Default;
				SWIFT_VERSION = 4.0;
			};
			name = Release;
		};
		B0111A061F55CE0400CA0418 /* Debug */ = {
			isa = XCBuildConfiguration;
			buildSettings = {
				ALWAYS_EMBED_SWIFT_STANDARD_LIBRARIES = YES;
				BUNDLE_LOADER = "$(TEST_HOST)";
				DEVELOPMENT_TEAM = 8PKALBM6Q4;
				INFOPLIST_FILE = OBehaveExamplesTests/Info.plist;
				LD_RUNPATH_SEARCH_PATHS = "$(inherited) @executable_path/Frameworks @loader_path/Frameworks";
				PRODUCT_BUNDLE_IDENTIFIER = com.apokrupto.OBehaveExamplesTests;
				PRODUCT_NAME = "$(TARGET_NAME)";
				SWIFT_VERSION = 4.0;
				TEST_HOST = "$(BUILT_PRODUCTS_DIR)/OBehaveExamples.app/OBehaveExamples";
			};
			name = Debug;
		};
		B0111A071F55CE0400CA0418 /* Release */ = {
			isa = XCBuildConfiguration;
			buildSettings = {
				ALWAYS_EMBED_SWIFT_STANDARD_LIBRARIES = YES;
				BUNDLE_LOADER = "$(TEST_HOST)";
				DEVELOPMENT_TEAM = 8PKALBM6Q4;
				INFOPLIST_FILE = OBehaveExamplesTests/Info.plist;
				LD_RUNPATH_SEARCH_PATHS = "$(inherited) @executable_path/Frameworks @loader_path/Frameworks";
				PRODUCT_BUNDLE_IDENTIFIER = com.apokrupto.OBehaveExamplesTests;
				PRODUCT_NAME = "$(TARGET_NAME)";
				SWIFT_VERSION = 4.0;
				TEST_HOST = "$(BUILT_PRODUCTS_DIR)/OBehaveExamples.app/OBehaveExamples";
			};
			name = Release;
		};
		B0111A091F55CE0400CA0418 /* Debug */ = {
			isa = XCBuildConfiguration;
			buildSettings = {
				ALWAYS_EMBED_SWIFT_STANDARD_LIBRARIES = YES;
				DEVELOPMENT_TEAM = 8PKALBM6Q4;
				INFOPLIST_FILE = OBehaveExamplesUITests/Info.plist;
				LD_RUNPATH_SEARCH_PATHS = "$(inherited) @executable_path/Frameworks @loader_path/Frameworks";
				PRODUCT_BUNDLE_IDENTIFIER = com.apokrupto.OBehaveExamplesUITests;
				PRODUCT_NAME = "$(TARGET_NAME)";
				SWIFT_VERSION = 4.0;
				TEST_TARGET_NAME = OBehaveExamples;
			};
			name = Debug;
		};
		B0111A0A1F55CE0400CA0418 /* Release */ = {
			isa = XCBuildConfiguration;
			buildSettings = {
				ALWAYS_EMBED_SWIFT_STANDARD_LIBRARIES = YES;
				DEVELOPMENT_TEAM = 8PKALBM6Q4;
				INFOPLIST_FILE = OBehaveExamplesUITests/Info.plist;
				LD_RUNPATH_SEARCH_PATHS = "$(inherited) @executable_path/Frameworks @loader_path/Frameworks";
				PRODUCT_BUNDLE_IDENTIFIER = com.apokrupto.OBehaveExamplesUITests;
				PRODUCT_NAME = "$(TARGET_NAME)";
				SWIFT_VERSION = 4.0;
				TEST_TARGET_NAME = OBehaveExamples;
			};
			name = Release;
		};
/* End XCBuildConfiguration section */

/* Begin XCConfigurationList section */
		B01119D51F55CE0400CA0418 /* Build configuration list for PBXProject "OBehaveExamples" */ = {
			isa = XCConfigurationList;
			buildConfigurations = (
				B0111A001F55CE0400CA0418 /* Debug */,
				B0111A011F55CE0400CA0418 /* Release */,
			);
			defaultConfigurationIsVisible = 0;
			defaultConfigurationName = Release;
		};
		B0111A021F55CE0400CA0418 /* Build configuration list for PBXNativeTarget "OBehaveExamples" */ = {
			isa = XCConfigurationList;
			buildConfigurations = (
				B0111A031F55CE0400CA0418 /* Debug */,
				B0111A041F55CE0400CA0418 /* Release */,
			);
			defaultConfigurationIsVisible = 0;
			defaultConfigurationName = Release;
		};
		B0111A051F55CE0400CA0418 /* Build configuration list for PBXNativeTarget "OBehaveExamplesTests" */ = {
			isa = XCConfigurationList;
			buildConfigurations = (
				B0111A061F55CE0400CA0418 /* Debug */,
				B0111A071F55CE0400CA0418 /* Release */,
			);
			defaultConfigurationIsVisible = 0;
			defaultConfigurationName = Release;
		};
		B0111A081F55CE0400CA0418 /* Build configuration list for PBXNativeTarget "OBehaveExamplesUITests" */ = {
			isa = XCConfigurationList;
			buildConfigurations = (
				B0111A091F55CE0400CA0418 /* Debug */,
				B0111A0A1F55CE0400CA0418 /* Release */,
			);
			defaultConfigurationIsVisible = 0;
			defaultConfigurationName = Release;
		};
/* End XCConfigurationList section */
	};
	rootObject = B01119D21F55CE0400CA0418 /* Project object */;
}
